// !$*UTF8*$!
{
	archiveVersion = 1;
	classes = {
	};
	objectVersion = 46;
	objects = {

/* Begin PBXBuildFile section */
		530388B81A08094F001602ED /* main.m in Sources */ = {isa = PBXBuildFile; fileRef = 530388B71A08094F001602ED /* main.m */; };
		530388BB1A08094F001602ED /* AppDelegate.m in Sources */ = {isa = PBXBuildFile; fileRef = 530388BA1A08094F001602ED /* AppDelegate.m */; };
		530388BE1A08094F001602ED /* ViewController.m in Sources */ = {isa = PBXBuildFile; fileRef = 530388BD1A08094F001602ED /* ViewController.m */; };
		530388C11A08094F001602ED /* Main.IPhone.storyboard in Resources */ = {isa = PBXBuildFile; fileRef = 530388BF1A08094F001602ED /* Main.IPhone.storyboard */; };
		530388C31A08094F001602ED /* Images.xcassets in Resources */ = {isa = PBXBuildFile; fileRef = 530388C21A08094F001602ED /* Images.xcassets */; };
		530388C61A08094F001602ED /* LaunchScreen.xib in Resources */ = {isa = PBXBuildFile; fileRef = 530388C41A08094F001602ED /* LaunchScreen.xib */; };
		530388D21A08094F001602ED /* Race_to_the_topTests.m in Sources */ = {isa = PBXBuildFile; fileRef = 530388D11A08094F001602ED /* Race_to_the_topTests.m */; };
		530388E01A080A41001602ED /* RTSpaceShipView.m in Sources */ = {isa = PBXBuildFile; fileRef = 530388DF1A080A41001602ED /* RTSpaceShipView.m */; };
		5308B8DE1A0931A5007676FF /* Main.IPad.storyboard in Resources */ = {isa = PBXBuildFile; fileRef = 5308B8DD1A0931A5007676FF /* Main.IPad.storyboard */; };
		530A61101A0A8CA000E214FE /* mount-fuji-and-mount-hoei.jpg in Resources */ = {isa = PBXBuildFile; fileRef = 530A610F1A0A8CA000E214FE /* mount-fuji-and-mount-hoei.jpg */; };
		530A61131A0A8EF300E214FE /* RTMountainPath.m in Sources */ = {isa = PBXBuildFile; fileRef = 530A61121A0A8EF300E214FE /* RTMountainPath.m */; };
/* End PBXBuildFile section */

/* Begin PBXContainerItemProxy section */
		530388CC1A08094F001602ED /* PBXContainerItemProxy */ = {
			isa = PBXContainerItemProxy;
			containerPortal = 530388AA1A08094F001602ED /* Project object */;
			proxyType = 1;
			remoteGlobalIDString = 530388B11A08094F001602ED;
			remoteInfo = "Race to the top";
		};
/* End PBXContainerItemProxy section */

/* Begin PBXFileReference section */
		530388B21A08094F001602ED /* Race to the top.app */ = {isa = PBXFileReference; explicitFileType = wrapper.application; includeInIndex = 0; path = "Race to the top.app"; sourceTree = BUILT_PRODUCTS_DIR; };
		530388B61A08094F001602ED /* Info.plist */ = {isa = PBXFileReference; lastKnownFileType = text.plist.xml; path = Info.plist; sourceTree = "<group>"; };
		530388B71A08094F001602ED /* main.m */ = {isa = PBXFileReference; lastKnownFileType = sourcecode.c.objc; path = main.m; sourceTree = "<group>"; };
		530388B91A08094F001602ED /* AppDelegate.h */ = {isa = PBXFileReference; lastKnownFileType = sourcecode.c.h; path = AppDelegate.h; sourceTree = "<group>"; };
		530388BA1A08094F001602ED /* AppDelegate.m */ = {isa = PBXFileReference; lastKnownFileType = sourcecode.c.objc; path = AppDelegate.m; sourceTree = "<group>"; };
		530388BC1A08094F001602ED /* ViewController.h */ = {isa = PBXFileReference; lastKnownFileType = sourcecode.c.h; path = ViewController.h; sourceTree = "<group>"; };
		530388BD1A08094F001602ED /* ViewController.m */ = {isa = PBXFileReference; lastKnownFileType = sourcecode.c.objc; path = ViewController.m; sourceTree = "<group>"; };
		530388C01A08094F001602ED /* Base */ = {isa = PBXFileReference; lastKnownFileType = file.storyboard; name = Base; path = Base.lproj/Main.IPhone.storyboard; sourceTree = "<group>"; };
		530388C21A08094F001602ED /* Images.xcassets */ = {isa = PBXFileReference; lastKnownFileType = folder.assetcatalog; path = Images.xcassets; sourceTree = "<group>"; };
		530388C51A08094F001602ED /* Base */ = {isa = PBXFileReference; lastKnownFileType = file.xib; name = Base; path = Base.lproj/LaunchScreen.xib; sourceTree = "<group>"; };
		530388CB1A08094F001602ED /* Race to the topTests.xctest */ = {isa = PBXFileReference; explicitFileType = wrapper.cfbundle; includeInIndex = 0; path = "Race to the topTests.xctest"; sourceTree = BUILT_PRODUCTS_DIR; };
		530388D01A08094F001602ED /* Info.plist */ = {isa = PBXFileReference; lastKnownFileType = text.plist.xml; path = Info.plist; sourceTree = "<group>"; };
		530388D11A08094F001602ED /* Race_to_the_topTests.m */ = {isa = PBXFileReference; lastKnownFileType = sourcecode.c.objc; path = Race_to_the_topTests.m; sourceTree = "<group>"; };
		530388DE1A080A41001602ED /* RTSpaceShipView.h */ = {isa = PBXFileReference; fileEncoding = 4; lastKnownFileType = sourcecode.c.h; name = RTSpaceShipView.h; path = ../RTSpaceShipView.h; sourceTree = "<group>"; };
		530388DF1A080A41001602ED /* RTSpaceShipView.m */ = {isa = PBXFileReference; fileEncoding = 4; lastKnownFileType = sourcecode.c.objc; name = RTSpaceShipView.m; path = ../RTSpaceShipView.m; sourceTree = "<group>"; };
		5308B8DD1A0931A5007676FF /* Main.IPad.storyboard */ = {isa = PBXFileReference; fileEncoding = 4; lastKnownFileType = file.storyboard; name = Main.IPad.storyboard; path = ../Main.IPad.storyboard; sourceTree = "<group>"; };
		530A610F1A0A8CA000E214FE /* mount-fuji-and-mount-hoei.jpg */ = {isa = PBXFileReference; lastKnownFileType = image.jpeg; path = "mount-fuji-and-mount-hoei.jpg"; sourceTree = "<group>"; };
		530A61111A0A8EF300E214FE /* RTMountainPath.h */ = {isa = PBXFileReference; fileEncoding = 4; lastKnownFileType = sourcecode.c.h; path = RTMountainPath.h; sourceTree = "<group>"; };
		530A61121A0A8EF300E214FE /* RTMountainPath.m */ = {isa = PBXFileReference; fileEncoding = 4; lastKnownFileType = sourcecode.c.objc; path = RTMountainPath.m; sourceTree = "<group>"; };
/* End PBXFileReference section */

/* Begin PBXFrameworksBuildPhase section */
		530388AF1A08094F001602ED /* Frameworks */ = {
			isa = PBXFrameworksBuildPhase;
			buildActionMask = 2147483647;
			files = (
			);
			runOnlyForDeploymentPostprocessing = 0;
		};
		530388C81A08094F001602ED /* Frameworks */ = {
			isa = PBXFrameworksBuildPhase;
			buildActionMask = 2147483647;
			files = (
			);
			runOnlyForDeploymentPostprocessing = 0;
		};
/* End PBXFrameworksBuildPhase section */

/* Begin PBXGroup section */
		530388A91A08094F001602ED = {
			isa = PBXGroup;
			children = (
				530388B41A08094F001602ED /* Race to the top */,
				530388CE1A08094F001602ED /* Race to the topTests */,
				530388B31A08094F001602ED /* Products */,
			);
			sourceTree = "<group>";
		};
		530388B31A08094F001602ED /* Products */ = {
			isa = PBXGroup;
			children = (
				530388B21A08094F001602ED /* Race to the top.app */,
				530388CB1A08094F001602ED /* Race to the topTests.xctest */,
			);
			name = Products;
			sourceTree = "<group>";
		};
		530388B41A08094F001602ED /* Race to the top */ = {
			isa = PBXGroup;
			children = (
				530388B91A08094F001602ED /* AppDelegate.h */,
				530388BA1A08094F001602ED /* AppDelegate.m */,
				5308B8DD1A0931A5007676FF /* Main.IPad.storyboard */,
				530388BF1A08094F001602ED /* Main.IPhone.storyboard */,
				530A61111A0A8EF300E214FE /* RTMountainPath.h */,
				530A61121A0A8EF300E214FE /* RTMountainPath.m */,
				530388BC1A08094F001602ED /* ViewController.h */,
				530388BD1A08094F001602ED /* ViewController.m */,
				530388DE1A080A41001602ED /* RTSpaceShipView.h */,
				530388DF1A080A41001602ED /* RTSpaceShipView.m */,
				530388C21A08094F001602ED /* Images.xcassets */,
				530388C41A08094F001602ED /* LaunchScreen.xib */,
				530388B51A08094F001602ED /* Supporting Files */,
			);
			path = "Race to the top";
			sourceTree = "<group>";
		};
		530388B51A08094F001602ED /* Supporting Files */ = {
			isa = PBXGroup;
			children = (
				530388B61A08094F001602ED /* Info.plist */,
				530A610F1A0A8CA000E214FE /* mount-fuji-and-mount-hoei.jpg */,
				530388B71A08094F001602ED /* main.m */,
			);
			name = "Supporting Files";
			sourceTree = "<group>";
		};
		530388CE1A08094F001602ED /* Race to the topTests */ = {
			isa = PBXGroup;
			children = (
				530388D11A08094F001602ED /* Race_to_the_topTests.m */,
				530388CF1A08094F001602ED /* Supporting Files */,
			);
			path = "Race to the topTests";
			sourceTree = "<group>";
		};
		530388CF1A08094F001602ED /* Supporting Files */ = {
			isa = PBXGroup;
			children = (
				530388D01A08094F001602ED /* Info.plist */,
			);
			name = "Supporting Files";
			sourceTree = "<group>";
		};
/* End PBXGroup section */

/* Begin PBXNativeTarget section */
		530388B11A08094F001602ED /* Race to the top */ = {
			isa = PBXNativeTarget;
			buildConfigurationList = 530388D51A08094F001602ED /* Build configuration list for PBXNativeTarget "Race to the top" */;
			buildPhases = (
				530388AE1A08094F001602ED /* Sources */,
				530388AF1A08094F001602ED /* Frameworks */,
				530388B01A08094F001602ED /* Resources */,
			);
			buildRules = (
			);
			dependencies = (
			);
			name = "Race to the top";
			productName = "Race to the top";
			productReference = 530388B21A08094F001602ED /* Race to the top.app */;
			productType = "com.apple.product-type.application";
		};
		530388CA1A08094F001602ED /* Race to the topTests */ = {
			isa = PBXNativeTarget;
			buildConfigurationList = 530388D81A08094F001602ED /* Build configuration list for PBXNativeTarget "Race to the topTests" */;
			buildPhases = (
				530388C71A08094F001602ED /* Sources */,
				530388C81A08094F001602ED /* Frameworks */,
				530388C91A08094F001602ED /* Resources */,
			);
			buildRules = (
			);
			dependencies = (
				530388CD1A08094F001602ED /* PBXTargetDependency */,
			);
			name = "Race to the topTests";
			productName = "Race to the topTests";
			productReference = 530388CB1A08094F001602ED /* Race to the topTests.xctest */;
			productType = "com.apple.product-type.bundle.unit-test";
		};
/* End PBXNativeTarget section */

/* Begin PBXProject section */
		530388AA1A08094F001602ED /* Project object */ = {
			isa = PBXProject;
			attributes = {
				LastUpgradeCheck = 0600;
				TargetAttributes = {
					530388B11A08094F001602ED = {
						CreatedOnToolsVersion = 6.0.1;
					};
					530388CA1A08094F001602ED = {
						CreatedOnToolsVersion = 6.0.1;
						TestTargetID = 530388B11A08094F001602ED;
					};
				};
			};
			buildConfigurationList = 530388AD1A08094F001602ED /* Build configuration list for PBXProject "Race to the top" */;
			compatibilityVersion = "Xcode 3.2";
			developmentRegion = English;
			hasScannedForEncodings = 0;
			knownRegions = (
				en,
				Base,
			);
			mainGroup = 530388A91A08094F001602ED;
			productRefGroup = 530388B31A08094F001602ED /* Products */;
			projectDirPath = "";
			projectRoot = "";
			targets = (
				530388B11A08094F001602ED /* Race to the top */,
				530388CA1A08094F001602ED /* Race to the topTests */,
			);
		};
/* End PBXProject section */

/* Begin PBXResourcesBuildPhase section */
		530388B01A08094F001602ED /* Resources */ = {
			isa = PBXResourcesBuildPhase;
			buildActionMask = 2147483647;
			files = (
				530A61101A0A8CA000E214FE /* mount-fuji-and-mount-hoei.jpg in Resources */,
				5308B8DE1A0931A5007676FF /* Main.IPad.storyboard in Resources */,
				530388C11A08094F001602ED /* Main.IPhone.storyboard in Resources */,
				530388C61A08094F001602ED /* LaunchScreen.xib in Resources */,
				530388C31A08094F001602ED /* Images.xcassets in Resources */,
			);
			runOnlyForDeploymentPostprocessing = 0;
		};
		530388C91A08094F001602ED /* Resources */ = {
			isa = PBXResourcesBuildPhase;
			buildActionMask = 2147483647;
			files = (
			);
			runOnlyForDeploymentPostprocessing = 0;
		};
/* End PBXResourcesBuildPhase section */

/* Begin PBXSourcesBuildPhase section */
		530388AE1A08094F001602ED /* Sources */ = {
			isa = PBXSourcesBuildPhase;
			buildActionMask = 2147483647;
			files = (
				530388BE1A08094F001602ED /* ViewController.m in Sources */,
				530A61131A0A8EF300E214FE /* RTMountainPath.m in Sources */,
				530388E01A080A41001602ED /* RTSpaceShipView.m in Sources */,
				530388BB1A08094F001602ED /* AppDelegate.m in Sources */,
				530388B81A08094F001602ED /* main.m in Sources */,
			);
			runOnlyForDeploymentPostprocessing = 0;
		};
		530388C71A08094F001602ED /* Sources */ = {
			isa = PBXSourcesBuildPhase;
			buildActionMask = 2147483647;
			files = (
				530388D21A08094F001602ED /* Race_to_the_topTests.m in Sources */,
			);
			runOnlyForDeploymentPostprocessing = 0;
		};
/* End PBXSourcesBuildPhase section */

/* Begin PBXTargetDependency section */
		530388CD1A08094F001602ED /* PBXTargetDependency */ = {
			isa = PBXTargetDependency;
			target = 530388B11A08094F001602ED /* Race to the top */;
			targetProxy = 530388CC1A08094F001602ED /* PBXContainerItemProxy */;
		};
/* End PBXTargetDependency section */

/* Begin PBXVariantGroup section */
		530388BF1A08094F001602ED /* Main.IPhone.storyboard */ = {
			isa = PBXVariantGroup;
			children = (
				530388C01A08094F001602ED /* Base */,
			);
			name = Main.IPhone.storyboard;
			sourceTree = "<group>";
		};
		530388C41A08094F001602ED /* LaunchScreen.xib */ = {
			isa = PBXVariantGroup;
			children = (
				530388C51A08094F001602ED /* Base */,
			);
			name = LaunchScreen.xib;
			sourceTree = "<group>";
		};
/* End PBXVariantGroup section */

/* Begin XCBuildConfiguration section */
		530388D31A08094F001602ED /* Debug */ = {
			isa = XCBuildConfiguration;
			buildSettings = {
				ALWAYS_SEARCH_USER_PATHS = NO;
				CLANG_CXX_LANGUAGE_STANDARD = "gnu++0x";
				CLANG_CXX_LIBRARY = "libc++";
				CLANG_ENABLE_MODULES = YES;
				CLANG_ENABLE_OBJC_ARC = YES;
				CLANG_WARN_BOOL_CONVERSION = YES;
				CLANG_WARN_CONSTANT_CONVERSION = YES;
				CLANG_WARN_DIRECT_OBJC_ISA_USAGE = YES_ERROR;
				CLANG_WARN_EMPTY_BODY = YES;
				CLANG_WARN_ENUM_CONVERSION = YES;
				CLANG_WARN_INT_CONVERSION = YES;
				CLANG_WARN_OBJC_ROOT_CLASS = YES_ERROR;
				CLANG_WARN_UNREACHABLE_CODE = YES;
				CLANG_WARN__DUPLICATE_METHOD_MATCH = YES;
				"CODE_SIGN_IDENTITY[sdk=iphoneos*]" = "iPhone Developer";
				COPY_PHASE_STRIP = NO;
				ENABLE_STRICT_OBJC_MSGSEND = YES;
				GCC_C_LANGUAGE_STANDARD = gnu99;
				GCC_DYNAMIC_NO_PIC = NO;
				GCC_OPTIMIZATION_LEVEL = 0;
				GCC_PREPROCESSOR_DEFINITIONS = (
					"DEBUG=1",
					"$(inherited)",
				);
				GCC_SYMBOLS_PRIVATE_EXTERN = NO;
				GCC_WARN_64_TO_32_BIT_CONVERSION = YES;
				GCC_WARN_ABOUT_RETURN_TYPE = YES_ERROR;
				GCC_WARN_UNDECLARED_SELECTOR = YES;
				GCC_WARN_UNINITIALIZED_AUTOS = YES_AGGRESSIVE;
				GCC_WARN_UNUSED_FUNCTION = YES;
				GCC_WARN_UNUSED_VARIABLE = YES;
				IPHONEOS_DEPLOYMENT_TARGET = 8.0;
				MTL_ENABLE_DEBUG_INFO = YES;
				ONLY_ACTIVE_ARCH = YES;
				SDKROOT = iphoneos;
			};
			name = Debug;
		};
		530388D41A08094F001602ED /* Release */ = {
			isa = XCBuildConfiguration;
			buildSettings = {
				ALWAYS_SEARCH_USER_PATHS = NO;
				CLANG_CXX_LANGUAGE_STANDARD = "gnu++0x";
				CLANG_CXX_LIBRARY = "libc++";
				CLANG_ENABLE_MODULES = YES;
				CLANG_ENABLE_OBJC_ARC = YES;
				CLANG_WARN_BOOL_CONVERSION = YES;
				CLANG_WARN_CONSTANT_CONVERSION = YES;
				CLANG_WARN_DIRECT_OBJC_ISA_USAGE = YES_ERROR;
				CLANG_WARN_EMPTY_BODY = YES;
				CLANG_WARN_ENUM_CONVERSION = YES;
				CLANG_WARN_INT_CONVERSION = YES;
				CLANG_WARN_OBJC_ROOT_CLASS = YES_ERROR;
				CLANG_WARN_UNREACHABLE_CODE = YES;
				CLANG_WARN__DUPLICATE_METHOD_MATCH = YES;
				"CODE_SIGN_IDENTITY[sdk=iphoneos*]" = "iPhone Developer";
				COPY_PHASE_STRIP = YES;
				ENABLE_NS_ASSERTIONS = NO;
				ENABLE_STRICT_OBJC_MSGSEND = YES;
				GCC_C_LANGUAGE_STANDARD = gnu99;
				GCC_WARN_64_TO_32_BIT_CONVERSION = YES;
				GCC_WARN_ABOUT_RETURN_TYPE = YES_ERROR;
				GCC_WARN_UNDECLARED_SELECTOR = YES;
				GCC_WARN_UNINITIALIZED_AUTOS = YES_AGGRESSIVE;
				GCC_WARN_UNUSED_FUNCTION = YES;
				GCC_WARN_UNUSED_VARIABLE = YES;
				IPHONEOS_DEPLOYMENT_TARGET = 8.0;
				MTL_ENABLE_DEBUG_INFO = NO;
				SDKROOT = iphoneos;
				VALIDATE_PRODUCT = YES;
			};
			name = Release;
		};
		530388D61A08094F001602ED /* Debug */ = {
			isa = XCBuildConfiguration;
			buildSettings = {
				ASSETCATALOG_COMPILER_APPICON_NAME = AppIcon;
				INFOPLIST_FILE = "Race to the top/Info.plist";
				LD_RUNPATH_SEARCH_PATHS = "$(inherited) @executable_path/Frameworks";
				PRODUCT_NAME = "$(TARGET_NAME)";
				TARGETED_DEVICE_FAMILY = 2;
			};
			name = Debug;
		};
		530388D71A08094F001602ED /* Release */ = {
			isa = XCBuildConfiguration;
			buildSettings = {
				ASSETCATALOG_COMPILER_APPICON_NAME = AppIcon;
				INFOPLIST_FILE = "Race to the top/Info.plist";
				LD_RUNPATH_SEARCH_PATHS = "$(inherited) @executable_path/Frameworks";
				PRODUCT_NAME = "$(TARGET_NAME)";
				TARGETED_DEVICE_FAMILY = 2;
			};
			name = Release;
		};
		530388D91A08094F001602ED /* Debug */ = {
			isa = XCBuildConfiguration;
			buildSettings = {
				BUNDLE_LOADER = "$(TEST_HOST)";
				FRAMEWORK_SEARCH_PATHS = (
					"$(SDKROOT)/Developer/Library/Frameworks",
					"$(inherited)",
				);
				GCC_PREPROCESSOR_DEFINITIONS = (
					"DEBUG=1",
					"$(inherited)",
				);
				INFOPLIST_FILE = "Race to the topTests/Info.plist";
				LD_RUNPATH_SEARCH_PATHS = "$(inherited) @executable_path/Frameworks @loader_path/Frameworks";
				PRODUCT_NAME = "$(TARGET_NAME)";
				TEST_HOST = "$(BUILT_PRODUCTS_DIR)/Race to the top.app/Race to the top";
			};
			name = Debug;
		};
		530388DA1A08094F001602ED /* Release */ = {
			isa = XCBuildConfiguration;
			buildSettings = {
				BUNDLE_LOADER = "$(TEST_HOST)";
				FRAMEWORK_SEARCH_PATHS = (
					"$(SDKROOT)/Developer/Library/Frameworks",
					"$(inherited)",
				);
				INFOPLIST_FILE = "Race to the topTests/Info.plist";
				LD_RUNPATH_SEARCH_PATHS = "$(inherited) @executable_path/Frameworks @loader_path/Frameworks";
				PRODUCT_NAME = "$(TARGET_NAME)";
				TEST_HOST = "$(BUILT_PRODUCTS_DIR)/Race to the top.app/Race to the top";
			};
			name = Release;
		};
/* End XCBuildConfiguration section */

/* Begin XCConfigurationList section */
		530388AD1A08094F001602ED /* Build configuration list for PBXProject "Race to the top" */ = {
			isa = XCConfigurationList;
			buildConfigurations = (
				530388D31A08094F001602ED /* Debug */,
				530388D41A08094F001602ED /* Release */,
			);
			defaultConfigurationIsVisible = 0;
			defaultConfigurationName = Release;
		};
		530388D51A08094F001602ED /* Build configuration list for PBXNativeTarget "Race to the top" */ = {
			isa = XCConfigurationList;
			buildConfigurations = (
				530388D61A08094F001602ED /* Debug */,
				530388D71A08094F001602ED /* Release */,
			);
			defaultConfigurationIsVisible = 0;
			defaultConfigurationName = Release;
		};
		530388D81A08094F001602ED /* Build configuration list for PBXNativeTarget "Race to the topTests" */ = {
			isa = XCConfigurationList;
			buildConfigurations = (
				530388D91A08094F001602ED /* Debug */,
				530388DA1A08094F001602ED /* Release */,
			);
			defaultConfigurationIsVisible = 0;
			defaultConfigurationName = Release;
		};
/* End XCConfigurationList section */
	};
	rootObject = 530388AA1A08094F001602ED /* Project object */;
}
